// !$*UTF8*$!
{
	archiveVersion = 1;
	classes = {
	};
	objectVersion = 46;
	objects = {

/* Begin PBXBuildFile section */
		F5001E401D6850CB00054E41 /* AppDelegate.swift in Sources */ = {isa = PBXBuildFile; fileRef = F5001E3F1D6850CB00054E41 /* AppDelegate.swift */; };
		F5001E421D6850CB00054E41 /* ViewController.swift in Sources */ = {isa = PBXBuildFile; fileRef = F5001E411D6850CB00054E41 /* ViewController.swift */; };
		F5001E451D6850CB00054E41 /* Main.storyboard in Resources */ = {isa = PBXBuildFile; fileRef = F5001E431D6850CB00054E41 /* Main.storyboard */; };
		F5001E471D6850CB00054E41 /* Assets.xcassets in Resources */ = {isa = PBXBuildFile; fileRef = F5001E461D6850CB00054E41 /* Assets.xcassets */; };
		F5001E4A1D6850CB00054E41 /* LaunchScreen.storyboard in Resources */ = {isa = PBXBuildFile; fileRef = F5001E481D6850CB00054E41 /* LaunchScreen.storyboard */; };
		F5001E531D6850FA00054E41 /* moon.png in Resources */ = {isa = PBXBuildFile; fileRef = F5001E521D6850FA00054E41 /* moon.png */; };
		F5001E551D68510200054E41 /* sun.png in Resources */ = {isa = PBXBuildFile; fileRef = F5001E541D68510200054E41 /* sun.png */; };
		F5001E571D68510800054E41 /* blood.png in Resources */ = {isa = PBXBuildFile; fileRef = F5001E561D68510800054E41 /* blood.png */; };
		F5CF60301D6AAB01006D008D /* weather.png in Resources */ = {isa = PBXBuildFile; fileRef = F5CF602D1D6AAB01006D008D /* weather.png */; };
		F5CF60311D6AAB01006D008D /* rain.png in Resources */ = {isa = PBXBuildFile; fileRef = F5CF602E1D6AAB01006D008D /* rain.png */; };
		F5CF60321D6AAB01006D008D /* cloudy.png in Resources */ = {isa = PBXBuildFile; fileRef = F5CF602F1D6AAB01006D008D /* cloudy.png */; };
/* End PBXBuildFile section */

/* Begin PBXFileReference section */
		F5001E3C1D6850CB00054E41 /* iWeather.app */ = {isa = PBXFileReference; explicitFileType = wrapper.application; includeInIndex = 0; path = iWeather.app; sourceTree = BUILT_PRODUCTS_DIR; };
		F5001E3F1D6850CB00054E41 /* AppDelegate.swift */ = {isa = PBXFileReference; lastKnownFileType = sourcecode.swift; path = AppDelegate.swift; sourceTree = "<group>"; };
		F5001E411D6850CB00054E41 /* ViewController.swift */ = {isa = PBXFileReference; lastKnownFileType = sourcecode.swift; path = ViewController.swift; sourceTree = "<group>"; };
		F5001E441D6850CB00054E41 /* Base */ = {isa = PBXFileReference; lastKnownFileType = file.storyboard; name = Base; path = Base.lproj/Main.storyboard; sourceTree = "<group>"; };
		F5001E461D6850CB00054E41 /* Assets.xcassets */ = {isa = PBXFileReference; lastKnownFileType = folder.assetcatalog; path = Assets.xcassets; sourceTree = "<group>"; };
		F5001E491D6850CB00054E41 /* Base */ = {isa = PBXFileReference; lastKnownFileType = file.storyboard; name = Base; path = Base.lproj/LaunchScreen.storyboard; sourceTree = "<group>"; };
		F5001E4B1D6850CB00054E41 /* Info.plist */ = {isa = PBXFileReference; lastKnownFileType = text.plist.xml; path = Info.plist; sourceTree = "<group>"; };
		F5001E521D6850FA00054E41 /* moon.png */ = {isa = PBXFileReference; lastKnownFileType = image.png; path = moon.png; sourceTree = "<group>"; };
		F5001E541D68510200054E41 /* sun.png */ = {isa = PBXFileReference; lastKnownFileType = image.png; path = sun.png; sourceTree = "<group>"; };
		F5001E561D68510800054E41 /* blood.png */ = {isa = PBXFileReference; lastKnownFileType = image.png; path = blood.png; sourceTree = "<group>"; };
		F5CF602D1D6AAB01006D008D /* weather.png */ = {isa = PBXFileReference; lastKnownFileType = image.png; path = weather.png; sourceTree = "<group>"; };
		F5CF602E1D6AAB01006D008D /* rain.png */ = {isa = PBXFileReference; lastKnownFileType = image.png; path = rain.png; sourceTree = "<group>"; };
		F5CF602F1D6AAB01006D008D /* cloudy.png */ = {isa = PBXFileReference; lastKnownFileType = image.png; path = cloudy.png; sourceTree = "<group>"; };
/* End PBXFileReference section */

/* Begin PBXFrameworksBuildPhase section */
		F5001E391D6850CB00054E41 /* Frameworks */ = {
			isa = PBXFrameworksBuildPhase;
			buildActionMask = 2147483647;
			files = (
			);
			runOnlyForDeploymentPostprocessing = 0;
		};
/* End PBXFrameworksBuildPhase section */

/* Begin PBXGroup section */
		F5001E331D6850CB00054E41 = {
			isa = PBXGroup;
			children = (
				F5001E511D6850D300054E41 /* image */,
				F5001E3E1D6850CB00054E41 /* iWeather */,
				F5001E3D1D6850CB00054E41 /* Products */,
			);
			sourceTree = "<group>";
		};
		F5001E3D1D6850CB00054E41 /* Products */ = {
			isa = PBXGroup;
			children = (
				F5001E3C1D6850CB00054E41 /* iWeather.app */,
			);
			name = Products;
			sourceTree = "<group>";
		};
		F5001E3E1D6850CB00054E41 /* iWeather */ = {
			isa = PBXGroup;
			children = (
				F5001E3F1D6850CB00054E41 /* AppDelegate.swift */,
				F5001E411D6850CB00054E41 /* ViewController.swift */,
				F5001E431D6850CB00054E41 /* Main.storyboard */,
				F5001E461D6850CB00054E41 /* Assets.xcassets */,
				F5001E481D6850CB00054E41 /* LaunchScreen.storyboard */,
				F5001E4B1D6850CB00054E41 /* Info.plist */,
			);
			path = iWeather;
			sourceTree = "<group>";
		};
		F5001E511D6850D300054E41 /* image */ = {
			isa = PBXGroup;
			children = (
				F5CF602D1D6AAB01006D008D /* weather.png */,
				F5CF602E1D6AAB01006D008D /* rain.png */,
				F5CF602F1D6AAB01006D008D /* cloudy.png */,
				F5001E521D6850FA00054E41 /* moon.png */,
				F5001E541D68510200054E41 /* sun.png */,
				F5001E561D68510800054E41 /* blood.png */,
			);
			name = image;
			sourceTree = "<group>";
		};
/* End PBXGroup section */

/* Begin PBXNativeTarget section */
		F5001E3B1D6850CB00054E41 /* iWeather */ = {
			isa = PBXNativeTarget;
			buildConfigurationList = F5001E4E1D6850CB00054E41 /* Build configuration list for PBXNativeTarget "iWeather" */;
			buildPhases = (
				F5001E381D6850CB00054E41 /* Sources */,
				F5001E391D6850CB00054E41 /* Frameworks */,
				F5001E3A1D6850CB00054E41 /* Resources */,
			);
			buildRules = (
			);
			dependencies = (
			);
			name = iWeather;
			productName = iWeather;
			productReference = F5001E3C1D6850CB00054E41 /* iWeather.app */;
			productType = "com.apple.product-type.application";
		};
/* End PBXNativeTarget section */

/* Begin PBXProject section */
		F5001E341D6850CB00054E41 /* Project object */ = {
			isa = PBXProject;
			attributes = {
				LastSwiftUpdateCheck = 0730;
				LastUpgradeCheck = 0730;
				ORGANIZATIONNAME = "Hoàng Minh Thành";
				TargetAttributes = {
					F5001E3B1D6850CB00054E41 = {
						CreatedOnToolsVersion = 7.3.1;
					};
				};
			};
			buildConfigurationList = F5001E371D6850CB00054E41 /* Build configuration list for PBXProject "iWeather" */;
			compatibilityVersion = "Xcode 3.2";
			developmentRegion = English;
			hasScannedForEncodings = 0;
			knownRegions = (
				en,
				Base,
			);
			mainGroup = F5001E331D6850CB00054E41;
			productRefGroup = F5001E3D1D6850CB00054E41 /* Products */;
			projectDirPath = "";
			projectRoot = "";
			targets = (
				F5001E3B1D6850CB00054E41 /* iWeather */,
			);
		};
/* End PBXProject section */

/* Begin PBXResourcesBuildPhase section */
		F5001E3A1D6850CB00054E41 /* Resources */ = {
			isa = PBXResourcesBuildPhase;
			buildActionMask = 2147483647;
			files = (
				F5001E531D6850FA00054E41 /* moon.png in Resources */,
				F5CF60321D6AAB01006D008D /* cloudy.png in Resources */,
				F5001E4A1D6850CB00054E41 /* LaunchScreen.storyboard in Resources */,
				F5001E571D68510800054E41 /* blood.png in Resources */,
				F5001E551D68510200054E41 /* sun.png in Resources */,
				F5CF60301D6AAB01006D008D /* weather.png in Resources */,
				F5CF60311D6AAB01006D008D /* rain.png in Resources */,
				F5001E471D6850CB00054E41 /* Assets.xcassets in Resources */,
				F5001E451D6850CB00054E41 /* Main.storyboard in Resources */,
			);
			runOnlyForDeploymentPostprocessing = 0;
		};
/* End PBXResourcesBuildPhase section */

/* Begin PBXSourcesBuildPhase section */
		F5001E381D6850CB00054E41 /* Sources */ = {
			isa = PBXSourcesBuildPhase;
			buildActionMask = 2147483647;
			files = (
				F5001E421D6850CB00054E41 /* ViewController.swift in Sources */,
				F5001E401D6850CB00054E41 /* AppDelegate.swift in Sources */,
			);
			runOnlyForDeploymentPostprocessing = 0;
		};
/* End PBXSourcesBuildPhase section */

/* Begin PBXVariantGroup section */
		F5001E431D6850CB00054E41 /* Main.storyboard */ = {
			isa = PBXVariantGroup;
			children = (
				F5001E441D6850CB00054E41 /* Base */,
			);
			name = Main.storyboard;
			sourceTree = "<group>";
		};
		F5001E481D6850CB00054E41 /* LaunchScreen.storyboard */ = {
			isa = PBXVariantGroup;
			children = (
				F5001E491D6850CB00054E41 /* Base */,
			);
			name = LaunchScreen.storyboard;
			sourceTree = "<group>";
		};
/* End PBXVariantGroup section */

/* Begin XCBuildConfiguration section */
		F5001E4C1D6850CB00054E41 /* Debug */ = {
			isa = XCBuildConfiguration;
			buildSettings = {
				ALWAYS_SEARCH_USER_PATHS = NO;
				CLANG_ANALYZER_NONNULL = YES;
				CLANG_CXX_LANGUAGE_STANDARD = "gnu++0x";
				CLANG_CXX_LIBRARY = "libc++";
				CLANG_ENABLE_MODULES = YES;
				CLANG_ENABLE_OBJC_ARC = YES;
				CLANG_WARN_BOOL_CONVERSION = YES;
				CLANG_WARN_CONSTANT_CONVERSION = YES;
				CLANG_WARN_DIRECT_OBJC_ISA_USAGE = YES_ERROR;
				CLANG_WARN_EMPTY_BODY = YES;
				CLANG_WARN_ENUM_CONVERSION = YES;
				CLANG_WARN_INT_CONVERSION = YES;
				CLANG_WARN_OBJC_ROOT_CLASS = YES_ERROR;
				CLANG_WARN_UNREACHABLE_CODE = YES;
				CLANG_WARN__DUPLICATE_METHOD_MATCH = YES;
				"CODE_SIGN_IDENTITY[sdk=iphoneos*]" = "iPhone Developer";
				COPY_PHASE_STRIP = NO;
				DEBUG_INFORMATION_FORMAT = dwarf;
				ENABLE_STRICT_OBJC_MSGSEND = YES;
				ENABLE_TESTABILITY = YES;
				GCC_C_LANGUAGE_STANDARD = gnu99;
				GCC_DYNAMIC_NO_PIC = NO;
				GCC_NO_COMMON_BLOCKS = YES;
				GCC_OPTIMIZATION_LEVEL = 0;
				GCC_PREPROCESSOR_DEFINITIONS = (
					"DEBUG=1",
					"$(inherited)",
				);
				GCC_WARN_64_TO_32_BIT_CONVERSION = YES;
				GCC_WARN_ABOUT_RETURN_TYPE = YES_ERROR;
				GCC_WARN_UNDECLARED_SELECTOR = YES;
				GCC_WARN_UNINITIALIZED_AUTOS = YES_AGGRESSIVE;
				GCC_WARN_UNUSED_FUNCTION = YES;
				GCC_WARN_UNUSED_VARIABLE = YES;
				IPHONEOS_DEPLOYMENT_TARGET = 9.3;
				MTL_ENABLE_DEBUG_INFO = YES;
				ONLY_ACTIVE_ARCH = YES;
				SDKROOT = iphoneos;
				SWIFT_OPTIMIZATION_LEVEL = "-Onone";
			};
			name = Debug;
		};
		F5001E4D1D6850CB00054E41 /* Release */ = {
			isa = XCBuildConfiguration;
			buildSettings = {
				ALWAYS_SEARCH_USER_PATHS = NO;
				CLANG_ANALYZER_NONNULL = YES;
				CLANG_CXX_LANGUAGE_STANDARD = "gnu++0x";
				CLANG_CXX_LIBRARY = "libc++";
				CLANG_ENABLE_MODULES = YES;
				CLANG_ENABLE_OBJC_ARC = YES;
				CLANG_WARN_BOOL_CONVERSION = YES;
				CLANG_WARN_CONSTANT_CONVERSION = YES;
				CLANG_WARN_DIRECT_OBJC_ISA_USAGE = YES_ERROR;
				CLANG_WARN_EMPTY_BODY = YES;
				CLANG_WARN_ENUM_CONVERSION = YES;
				CLANG_WARN_INT_CONVERSION = YES;
				CLANG_WARN_OBJC_ROOT_CLASS = YES_ERROR;
				CLANG_WARN_UNREACHABLE_CODE = YES;
				CLANG_WARN__DUPLICATE_METHOD_MATCH = YES;
				"CODE_SIGN_IDENTITY[sdk=iphoneos*]" = "iPhone Developer";
				COPY_PHASE_STRIP = NO;
				DEBUG_INFORMATION_FORMAT = "dwarf-with-dsym";
				ENABLE_NS_ASSERTIONS = NO;
				ENABLE_STRICT_OBJC_MSGSEND = YES;
				GCC_C_LANGUAGE_STANDARD = gnu99;
				GCC_NO_COMMON_BLOCKS = YES;
				GCC_WARN_64_TO_32_BIT_CONVERSION = YES;
				GCC_WARN_ABOUT_RETURN_TYPE = YES_ERROR;
				GCC_WARN_UNDECLARED_SELECTOR = YES;
				GCC_WARN_UNINITIALIZED_AUTOS = YES_AGGRESSIVE;
				GCC_WARN_UNUSED_FUNCTION = YES;
				GCC_WARN_UNUSED_VARIABLE = YES;
				IPHONEOS_DEPLOYMENT_TARGET = 9.3;
				MTL_ENABLE_DEBUG_INFO = NO;
				SDKROOT = iphoneos;
				VALIDATE_PRODUCT = YES;
			};
			name = Release;
		};
		F5001E4F1D6850CB00054E41 /* Debug */ = {
			isa = XCBuildConfiguration;
			buildSettings = {
				ASSETCATALOG_COMPILER_APPICON_NAME = AppIcon;
				INFOPLIST_FILE = iWeather/Info.plist;
				LD_RUNPATH_SEARCH_PATHS = "$(inherited) @executable_path/Frameworks";
				PRODUCT_BUNDLE_IDENTIFIER = hoangminhthanh.iWeather;
				PRODUCT_NAME = "$(TARGET_NAME)";
			};
			name = Debug;
		};
		F5001E501D6850CB00054E41 /* Release */ = {
			isa = XCBuildConfiguration;
			buildSettings = {
				ASSETCATALOG_COMPILER_APPICON_NAME = AppIcon;
				INFOPLIST_FILE = iWeather/Info.plist;
				LD_RUNPATH_SEARCH_PATHS = "$(inherited) @executable_path/Frameworks";
				PRODUCT_BUNDLE_IDENTIFIER = hoangminhthanh.iWeather;
				PRODUCT_NAME = "$(TARGET_NAME)";
			};
			name = Release;
		};
/* End XCBuildConfiguration section */

/* Begin XCConfigurationList section */
		F5001E371D6850CB00054E41 /* Build configuration list for PBXProject "iWeather" */ = {
			isa = XCConfigurationList;
			buildConfigurations = (
				F5001E4C1D6850CB00054E41 /* Debug */,
				F5001E4D1D6850CB00054E41 /* Release */,
			);
			defaultConfigurationIsVisible = 0;
			defaultConfigurationName = Release;
		};
		F5001E4E1D6850CB00054E41 /* Build configuration list for PBXNativeTarget "iWeather" */ = {
			isa = XCConfigurationList;
			buildConfigurations = (
				F5001E4F1D6850CB00054E41 /* Debug */,
				F5001E501D6850CB00054E41 /* Release */,
			);
			defaultConfigurationIsVisible = 0;
			defaultConfigurationName = Release;
		};
/* End XCConfigurationList section */
	};
	rootObject = F5001E341D6850CB00054E41 /* Project object */;
}
